// !$*UTF8*$!
{
	archiveVersion = 1;
	classes = {
	};
	objectVersion = 46;
	objects = {

/* Begin PBXBuildFile section */
		051D58691E225E1F00FF469B /* AppDelegate.swift in Sources */ = {isa = PBXBuildFile; fileRef = 051D58681E225E1F00FF469B /* AppDelegate.swift */; };
		051D586B1E225E1F00FF469B /* ViewController.swift in Sources */ = {isa = PBXBuildFile; fileRef = 051D586A1E225E1F00FF469B /* ViewController.swift */; };
		051D586D1E225E1F00FF469B /* Assets.xcassets in Resources */ = {isa = PBXBuildFile; fileRef = 051D586C1E225E1F00FF469B /* Assets.xcassets */; };
		051D58701E225E1F00FF469B /* Main.storyboard in Resources */ = {isa = PBXBuildFile; fileRef = 051D586E1E225E1F00FF469B /* Main.storyboard */; };
		053A91511E22B9F100CDD34A /* PingView.swift in Sources */ = {isa = PBXBuildFile; fileRef = 053A91501E22B9F100CDD34A /* PingView.swift */; };
		053A91531E22C5FA00CDD34A /* Ping.swift in Sources */ = {isa = PBXBuildFile; fileRef = 053A91521E22C5FA00CDD34A /* Ping.swift */; };
		053A91551E2394F600CDD34A /* README.md in Sources */ = {isa = PBXBuildFile; fileRef = 053A91541E2394F600CDD34A /* README.md */; };
		053A91821E26CD7E00CDD34A /* NSTask+ExceptionSafe.m in Sources */ = {isa = PBXBuildFile; fileRef = 053A91811E26CD7E00CDD34A /* NSTask+ExceptionSafe.m */; };
/* End PBXBuildFile section */

/* Begin PBXFileReference section */
		051D58651E225E1F00FF469B /* OverPing.app */ = {isa = PBXFileReference; explicitFileType = wrapper.application; includeInIndex = 0; path = OverPing.app; sourceTree = BUILT_PRODUCTS_DIR; };
		051D58681E225E1F00FF469B /* AppDelegate.swift */ = {isa = PBXFileReference; lastKnownFileType = sourcecode.swift; path = AppDelegate.swift; sourceTree = "<group>"; };
		051D586A1E225E1F00FF469B /* ViewController.swift */ = {isa = PBXFileReference; lastKnownFileType = sourcecode.swift; path = ViewController.swift; sourceTree = "<group>"; };
		051D586C1E225E1F00FF469B /* Assets.xcassets */ = {isa = PBXFileReference; lastKnownFileType = folder.assetcatalog; path = Assets.xcassets; sourceTree = "<group>"; };
		051D586F1E225E1F00FF469B /* Base */ = {isa = PBXFileReference; lastKnownFileType = file.storyboard; name = Base; path = Base.lproj/Main.storyboard; sourceTree = "<group>"; };
		051D58711E225E1F00FF469B /* Info.plist */ = {isa = PBXFileReference; lastKnownFileType = text.plist.xml; path = Info.plist; sourceTree = "<group>"; };
		053A91501E22B9F100CDD34A /* PingView.swift */ = {isa = PBXFileReference; fileEncoding = 4; lastKnownFileType = sourcecode.swift; path = PingView.swift; sourceTree = "<group>"; };
		053A91521E22C5FA00CDD34A /* Ping.swift */ = {isa = PBXFileReference; fileEncoding = 4; lastKnownFileType = sourcecode.swift; path = Ping.swift; sourceTree = "<group>"; };
		053A91541E2394F600CDD34A /* README.md */ = {isa = PBXFileReference; fileEncoding = 4; lastKnownFileType = net.daringfireball.markdown; path = README.md; sourceTree = SOURCE_ROOT; };
		053A917F1E26CD7E00CDD34A /* OverPing-Bridging-Header.h */ = {isa = PBXFileReference; lastKnownFileType = sourcecode.c.h; path = "OverPing-Bridging-Header.h"; sourceTree = "<group>"; };
		053A91801E26CD7E00CDD34A /* NSTask+ExceptionSafe.h */ = {isa = PBXFileReference; fileEncoding = 4; lastKnownFileType = sourcecode.c.h; path = "NSTask+ExceptionSafe.h"; sourceTree = "<group>"; };
		053A91811E26CD7E00CDD34A /* NSTask+ExceptionSafe.m */ = {isa = PBXFileReference; fileEncoding = 4; lastKnownFileType = sourcecode.c.objc; path = "NSTask+ExceptionSafe.m"; sourceTree = "<group>"; };
/* End PBXFileReference section */

/* Begin PBXFrameworksBuildPhase section */
		051D58621E225E1F00FF469B /* Frameworks */ = {
			isa = PBXFrameworksBuildPhase;
			buildActionMask = 2147483647;
			files = (
			);
			runOnlyForDeploymentPostprocessing = 0;
		};
/* End PBXFrameworksBuildPhase section */

/* Begin PBXGroup section */
		051D585C1E225E1F00FF469B = {
			isa = PBXGroup;
			children = (
				051D58671E225E1F00FF469B /* OverPing */,
				051D58661E225E1F00FF469B /* Products */,
			);
			sourceTree = "<group>";
		};
		051D58661E225E1F00FF469B /* Products */ = {
			isa = PBXGroup;
			children = (
				051D58651E225E1F00FF469B /* OverPing.app */,
			);
			name = Products;
			sourceTree = "<group>";
		};
		051D58671E225E1F00FF469B /* OverPing */ = {
			isa = PBXGroup;
			children = (
				051D58681E225E1F00FF469B /* AppDelegate.swift */,
				051D586A1E225E1F00FF469B /* ViewController.swift */,
				053A91501E22B9F100CDD34A /* PingView.swift */,
				053A91521E22C5FA00CDD34A /* Ping.swift */,
				053A91801E26CD7E00CDD34A /* NSTask+ExceptionSafe.h */,
				053A91811E26CD7E00CDD34A /* NSTask+ExceptionSafe.m */,
				051D586C1E225E1F00FF469B /* Assets.xcassets */,
				051D586E1E225E1F00FF469B /* Main.storyboard */,
				051D58711E225E1F00FF469B /* Info.plist */,
				053A91541E2394F600CDD34A /* README.md */,
				053A917F1E26CD7E00CDD34A /* OverPing-Bridging-Header.h */,
			);
			path = OverPing;
			sourceTree = "<group>";
		};
/* End PBXGroup section */

/* Begin PBXNativeTarget section */
		051D58641E225E1F00FF469B /* OverPing */ = {
			isa = PBXNativeTarget;
			buildConfigurationList = 051D58741E225E1F00FF469B /* Build configuration list for PBXNativeTarget "OverPing" */;
			buildPhases = (
				051D58611E225E1F00FF469B /* Sources */,
				051D58621E225E1F00FF469B /* Frameworks */,
				051D58631E225E1F00FF469B /* Resources */,
			);
			buildRules = (
			);
			dependencies = (
			);
			name = OverPing;
			productName = OverPing;
			productReference = 051D58651E225E1F00FF469B /* OverPing.app */;
			productType = "com.apple.product-type.application";
		};
/* End PBXNativeTarget section */

/* Begin PBXProject section */
		051D585D1E225E1F00FF469B /* Project object */ = {
			isa = PBXProject;
			attributes = {
				LastSwiftUpdateCheck = 0820;
				LastUpgradeCheck = 0820;
				ORGANIZATIONNAME = "Nevyn Bengtsson";
				TargetAttributes = {
					051D58641E225E1F00FF469B = {
						CreatedOnToolsVersion = 8.2.1;
						DevelopmentTeam = M4Q2TE45WT;
						LastSwiftMigration = 0820;
						ProvisioningStyle = Automatic;
					};
				};
			};
			buildConfigurationList = 051D58601E225E1F00FF469B /* Build configuration list for PBXProject "OverPing" */;
			compatibilityVersion = "Xcode 3.2";
			developmentRegion = English;
			hasScannedForEncodings = 0;
			knownRegions = (
				en,
				Base,
			);
			mainGroup = 051D585C1E225E1F00FF469B;
			productRefGroup = 051D58661E225E1F00FF469B /* Products */;
			projectDirPath = "";
			projectRoot = "";
			targets = (
				051D58641E225E1F00FF469B /* OverPing */,
			);
		};
/* End PBXProject section */

/* Begin PBXResourcesBuildPhase section */
		051D58631E225E1F00FF469B /* Resources */ = {
			isa = PBXResourcesBuildPhase;
			buildActionMask = 2147483647;
			files = (
				051D586D1E225E1F00FF469B /* Assets.xcassets in Resources */,
				051D58701E225E1F00FF469B /* Main.storyboard in Resources */,
			);
			runOnlyForDeploymentPostprocessing = 0;
		};
/* End PBXResourcesBuildPhase section */

/* Begin PBXSourcesBuildPhase section */
		051D58611E225E1F00FF469B /* Sources */ = {
			isa = PBXSourcesBuildPhase;
			buildActionMask = 2147483647;
			files = (
				053A91511E22B9F100CDD34A /* PingView.swift in Sources */,
				051D586B1E225E1F00FF469B /* ViewController.swift in Sources */,
				053A91551E2394F600CDD34A /* README.md in Sources */,
				051D58691E225E1F00FF469B /* AppDelegate.swift in Sources */,
				053A91821E26CD7E00CDD34A /* NSTask+ExceptionSafe.m in Sources */,
				053A91531E22C5FA00CDD34A /* Ping.swift in Sources */,
			);
			runOnlyForDeploymentPostprocessing = 0;
		};
/* End PBXSourcesBuildPhase section */

/* Begin PBXVariantGroup section */
		051D586E1E225E1F00FF469B /* Main.storyboard */ = {
			isa = PBXVariantGroup;
			children = (
				051D586F1E225E1F00FF469B /* Base */,
			);
			name = Main.storyboard;
			sourceTree = "<group>";
		};
/* End PBXVariantGroup section */

/* Begin XCBuildConfiguration section */
		051D58721E225E1F00FF469B /* Debug */ = {
			isa = XCBuildConfiguration;
			buildSettings = {
				ALWAYS_SEARCH_USER_PATHS = NO;
				CLANG_ANALYZER_NONNULL = YES;
				CLANG_CXX_LANGUAGE_STANDARD = "gnu++0x";
				CLANG_CXX_LIBRARY = "libc++";
				CLANG_ENABLE_MODULES = YES;
				CLANG_ENABLE_OBJC_ARC = YES;
				CLANG_WARN_BOOL_CONVERSION = YES;
				CLANG_WARN_CONSTANT_CONVERSION = YES;
				CLANG_WARN_DIRECT_OBJC_ISA_USAGE = YES_ERROR;
				CLANG_WARN_DOCUMENTATION_COMMENTS = YES;
				CLANG_WARN_EMPTY_BODY = YES;
				CLANG_WARN_ENUM_CONVERSION = YES;
				CLANG_WARN_INFINITE_RECURSION = YES;
				CLANG_WARN_INT_CONVERSION = YES;
				CLANG_WARN_OBJC_ROOT_CLASS = YES_ERROR;
				CLANG_WARN_SUSPICIOUS_MOVE = YES;
				CLANG_WARN_UNREACHABLE_CODE = YES;
				CLANG_WARN__DUPLICATE_METHOD_MATCH = YES;
				CODE_SIGN_IDENTITY = "-";
				COPY_PHASE_STRIP = NO;
				DEBUG_INFORMATION_FORMAT = dwarf;
				ENABLE_STRICT_OBJC_MSGSEND = YES;
				ENABLE_TESTABILITY = YES;
				GCC_C_LANGUAGE_STANDARD = gnu99;
				GCC_DYNAMIC_NO_PIC = NO;
				GCC_NO_COMMON_BLOCKS = YES;
				GCC_OPTIMIZATION_LEVEL = 0;
				GCC_PREPROCESSOR_DEFINITIONS = (
					"DEBUG=1",
					"$(inherited)",
				);
				GCC_WARN_64_TO_32_BIT_CONVERSION = YES;
				GCC_WARN_ABOUT_RETURN_TYPE = YES_ERROR;
				GCC_WARN_UNDECLARED_SELECTOR = YES;
				GCC_WARN_UNINITIALIZED_AUTOS = YES_AGGRESSIVE;
				GCC_WARN_UNUSED_FUNCTION = YES;
				GCC_WARN_UNUSED_VARIABLE = YES;
				MACOSX_DEPLOYMENT_TARGET = 10.12;
				MTL_ENABLE_DEBUG_INFO = YES;
				ONLY_ACTIVE_ARCH = YES;
				SDKROOT = macosx;
				SWIFT_ACTIVE_COMPILATION_CONDITIONS = DEBUG;
				SWIFT_OPTIMIZATION_LEVEL = "-Onone";
			};
			name = Debug;
		};
		051D58731E225E1F00FF469B /* Release */ = {
			isa = XCBuildConfiguration;
			buildSettings = {
				ALWAYS_SEARCH_USER_PATHS = NO;
				CLANG_ANALYZER_NONNULL = YES;
				CLANG_CXX_LANGUAGE_STANDARD = "gnu++0x";
				CLANG_CXX_LIBRARY = "libc++";
				CLANG_ENABLE_MODULES = YES;
				CLANG_ENABLE_OBJC_ARC = YES;
				CLANG_WARN_BOOL_CONVERSION = YES;
				CLANG_WARN_CONSTANT_CONVERSION = YES;
				CLANG_WARN_DIRECT_OBJC_ISA_USAGE = YES_ERROR;
				CLANG_WARN_DOCUMENTATION_COMMENTS = YES;
				CLANG_WARN_EMPTY_BODY = YES;
				CLANG_WARN_ENUM_CONVERSION = YES;
				CLANG_WARN_INFINITE_RECURSION = YES;
				CLANG_WARN_INT_CONVERSION = YES;
				CLANG_WARN_OBJC_ROOT_CLASS = YES_ERROR;
				CLANG_WARN_SUSPICIOUS_MOVE = YES;
				CLANG_WARN_UNREACHABLE_CODE = YES;
				CLANG_WARN__DUPLICATE_METHOD_MATCH = YES;
				CODE_SIGN_IDENTITY = "-";
				COPY_PHASE_STRIP = NO;
				DEBUG_INFORMATION_FORMAT = "dwarf-with-dsym";
				ENABLE_NS_ASSERTIONS = NO;
				ENABLE_STRICT_OBJC_MSGSEND = YES;
				GCC_C_LANGUAGE_STANDARD = gnu99;
				GCC_NO_COMMON_BLOCKS = YES;
				GCC_WARN_64_TO_32_BIT_CONVERSION = YES;
				GCC_WARN_ABOUT_RETURN_TYPE = YES_ERROR;
				GCC_WARN_UNDECLARED_SELECTOR = YES;
				GCC_WARN_UNINITIALIZED_AUTOS = YES_AGGRESSIVE;
				GCC_WARN_UNUSED_FUNCTION = YES;
				GCC_WARN_UNUSED_VARIABLE = YES;
				MACOSX_DEPLOYMENT_TARGET = 10.12;
				MTL_ENABLE_DEBUG_INFO = NO;
				SDKROOT = macosx;
				SWIFT_OPTIMIZATION_LEVEL = "-Owholemodule";
			};
			name = Release;
		};
		051D58751E225E1F00FF469B /* Debug */ = {
			isa = XCBuildConfiguration;
			buildSettings = {
				ASSETCATALOG_COMPILER_APPICON_NAME = AppIcon;
				CLANG_ENABLE_MODULES = YES;
				COMBINE_HIDPI_IMAGES = YES;
				DEVELOPMENT_TEAM = M4Q2TE45WT;
				INFOPLIST_FILE = OverPing/Info.plist;
				LD_RUNPATH_SEARCH_PATHS = "$(inherited) @executable_path/../Frameworks";
				PRODUCT_BUNDLE_IDENTIFIER = eu.thirdcog.OverPing;
				PRODUCT_NAME = "$(TARGET_NAME)";
				SWIFT_OBJC_BRIDGING_HEADER = "OverPing/OverPing-Bridging-Header.h";
				SWIFT_OPTIMIZATION_LEVEL = "-Onone";
				SWIFT_VERSION = 3.0;
			};
			name = Debug;
		};
		051D58761E225E1F00FF469B /* Release */ = {
			isa = XCBuildConfiguration;
			buildSettings = {
				ASSETCATALOG_COMPILER_APPICON_NAME = AppIcon;
				CLANG_ENABLE_MODULES = YES;
				COMBINE_HIDPI_IMAGES = YES;
				DEVELOPMENT_TEAM = M4Q2TE45WT;
				INFOPLIST_FILE = OverPing/Info.plist;
				LD_RUNPATH_SEARCH_PATHS = "$(inherited) @executable_path/../Frameworks";
				PRODUCT_BUNDLE_IDENTIFIER = eu.thirdcog.OverPing;
				PRODUCT_NAME = "$(TARGET_NAME)";
				SWIFT_OBJC_BRIDGING_HEADER = "OverPing/OverPing-Bridging-Header.h";
				SWIFT_VERSION = 3.0;
			};
			name = Release;
		};
/* End XCBuildConfiguration section */

/* Begin XCConfigurationList section */
		051D58601E225E1F00FF469B /* Build configuration list for PBXProject "OverPing" */ = {
			isa = XCConfigurationList;
			buildConfigurations = (
				051D58721E225E1F00FF469B /* Debug */,
				051D58731E225E1F00FF469B /* Release */,
			);
			defaultConfigurationIsVisible = 0;
			defaultConfigurationName = Release;
		};
		051D58741E225E1F00FF469B /* Build configuration list for PBXNativeTarget "OverPing" */ = {
			isa = XCConfigurationList;
			buildConfigurations = (
				051D58751E225E1F00FF469B /* Debug */,
				051D58761E225E1F00FF469B /* Release */,
			);
			defaultConfigurationIsVisible = 0;
			defaultConfigurationName = Release;
		};
/* End XCConfigurationList section */
	};
	rootObject = 051D585D1E225E1F00FF469B /* Project object */;
}
